
Microsoft Visual Studio Solution File, Format Version 12.00
# Visual Studio Version 16
VisualStudioVersion = 16.0.31424.327
MinimumVisualStudioVersion = 10.0.40219.1
Project("{FAE04EC0-301F-11D3-BF4B-00C04F79EFBC}") = "CameraAndResolutionBuddiesSample.DesktopGL", "CameraAndResolutionBuddiesSample.DesktopGL\CameraAndResolutionBuddiesSample.DesktopGL.csproj", "{631111F0-539B-4BDE-86EB-EEBDD9826057}"
EndProject
Project("{FAE04EC0-301F-11D3-BF4B-00C04F79EFBC}") = "CameraAndResolutionBuddiesSample.iOS", "CameraAndResolutionBuddiesSample.iOS\CameraAndResolutionBuddiesSample.iOS.csproj", "{99920E40-440F-4FEE-A972-BB53D56577DC}"
EndProject
Project("{FAE04EC0-301F-11D3-BF4B-00C04F79EFBC}") = "CameraAndResolutionBuddiesSample.Android", "CameraAndResolutionBuddiesSample.Android\CameraAndResolutionBuddiesSample.Android.csproj", "{987F669F-441C-4FF6-B6A6-1883E20690D6}"
EndProject
Project("{D954291E-2A0B-460D-934E-DC6B0785DB48}") = "CameraAndResolutionBuddiesSample.SharedProject", "CameraAndResolutionBuddiesSample.SharedProject\CameraAndResolutionBuddiesSample.SharedProject.shproj", "{10FF7366-A20B-4A88-9E38-CF4707E7AC37}"
EndProject
Global
	GlobalSection(SharedMSBuildProjectFiles) = preSolution
		CameraAndResolutionBuddiesSample.SharedProject\CameraAndResolutionBuddiesSample.SharedProject.projitems*{10ff7366-a20b-4a88-9e38-cf4707e7ac37}*SharedItemsImports = 13
		CameraAndResolutionBuddiesSample.SharedProject\CameraAndResolutionBuddiesSample.SharedProject.projitems*{631111f0-539b-4bde-86eb-eebdd9826057}*SharedItemsImports = 4
		CameraAndResolutionBuddiesSample.SharedProject\CameraAndResolutionBuddiesSample.SharedProject.projitems*{987f669f-441c-4ff6-b6a6-1883e20690d6}*SharedItemsImports = 4
		CameraAndResolutionBuddiesSample.SharedProject\CameraAndResolutionBuddiesSample.SharedProject.projitems*{99920e40-440f-4fee-a972-bb53d56577dc}*SharedItemsImports = 4
	EndGlobalSection
	GlobalSection(SolutionConfigurationPlatforms) = preSolution
		Ad-Hoc|Any CPU = Ad-Hoc|Any CPU
		Ad-Hoc|ARM = Ad-Hoc|ARM
		Ad-Hoc|iPhone = Ad-Hoc|iPhone
		Ad-Hoc|iPhoneSimulator = Ad-Hoc|iPhoneSimulator
		Ad-Hoc|x64 = Ad-Hoc|x64
		Ad-Hoc|x86 = Ad-Hoc|x86
		AppStore|Any CPU = AppStore|Any CPU
		AppStore|ARM = AppStore|ARM
		AppStore|iPhone = AppStore|iPhone
		AppStore|iPhoneSimulator = AppStore|iPhoneSimulator
		AppStore|x64 = AppStore|x64
		AppStore|x86 = AppStore|x86
		Debug|Any CPU = Debug|Any CPU
		Debug|ARM = Debug|ARM
		Debug|iPhone = Debug|iPhone
		Debug|iPhoneSimulator = Debug|iPhoneSimulator
		Debug|x64 = Debug|x64
		Debug|x86 = Debug|x86
		Release|Any CPU = Release|Any CPU
		Release|ARM = Release|ARM
		Release|iPhone = Release|iPhone
		Release|iPhoneSimulator = Release|iPhoneSimulator
		Release|x64 = Release|x64
		Release|x86 = Release|x86
	EndGlobalSection
	GlobalSection(ProjectConfigurationPlatforms) = postSolution
		{631111F0-539B-4BDE-86EB-EEBDD9826057}.Ad-Hoc|Any CPU.ActiveCfg = Release|x86
		{631111F0-539B-4BDE-86EB-EEBDD9826057}.Ad-Hoc|Any CPU.Build.0 = Release|x86
		{631111F0-539B-4BDE-86EB-EEBDD9826057}.Ad-Hoc|ARM.ActiveCfg = Release|x86
		{631111F0-539B-4BDE-86EB-EEBDD9826057}.Ad-Hoc|ARM.Build.0 = Release|x86
		{631111F0-539B-4BDE-86EB-EEBDD9826057}.Ad-Hoc|iPhone.ActiveCfg = Release|x86
		{631111F0-539B-4BDE-86EB-EEBDD9826057}.Ad-Hoc|iPhone.Build.0 = Release|x86
		{631111F0-539B-4BDE-86EB-EEBDD9826057}.Ad-Hoc|iPhoneSimulator.ActiveCfg = Release|x86
		{631111F0-539B-4BDE-86EB-EEBDD9826057}.Ad-Hoc|iPhoneSimulator.Build.0 = Release|x86
		{631111F0-539B-4BDE-86EB-EEBDD9826057}.Ad-Hoc|x64.ActiveCfg = Release|x86
		{631111F0-539B-4BDE-86EB-EEBDD9826057}.Ad-Hoc|x64.Build.0 = Release|x86
		{631111F0-539B-4BDE-86EB-EEBDD9826057}.Ad-Hoc|x86.ActiveCfg = Release|x86
		{631111F0-539B-4BDE-86EB-EEBDD9826057}.Ad-Hoc|x86.Build.0 = Release|x86
		{631111F0-539B-4BDE-86EB-EEBDD9826057}.AppStore|Any CPU.ActiveCfg = Release|x86
		{631111F0-539B-4BDE-86EB-EEBDD9826057}.AppStore|Any CPU.Build.0 = Release|x86
		{631111F0-539B-4BDE-86EB-EEBDD9826057}.AppStore|ARM.ActiveCfg = Release|x86
		{631111F0-539B-4BDE-86EB-EEBDD9826057}.AppStore|ARM.Build.0 = Release|x86
		{631111F0-539B-4BDE-86EB-EEBDD9826057}.AppStore|iPhone.ActiveCfg = Release|x86
		{631111F0-539B-4BDE-86EB-EEBDD9826057}.AppStore|iPhone.Build.0 = Release|x86
		{631111F0-539B-4BDE-86EB-EEBDD9826057}.AppStore|iPhoneSimulator.ActiveCfg = Release|x86
		{631111F0-539B-4BDE-86EB-EEBDD9826057}.AppStore|iPhoneSimulator.Build.0 = Release|x86
		{631111F0-539B-4BDE-86EB-EEBDD9826057}.AppStore|x64.ActiveCfg = Release|x86
		{631111F0-539B-4BDE-86EB-EEBDD9826057}.AppStore|x64.Build.0 = Release|x86
		{631111F0-539B-4BDE-86EB-EEBDD9826057}.AppStore|x86.ActiveCfg = Release|x86
		{631111F0-539B-4BDE-86EB-EEBDD9826057}.AppStore|x86.Build.0 = Release|x86
		{631111F0-539B-4BDE-86EB-EEBDD9826057}.Debug|Any CPU.ActiveCfg = Debug|Any CPU
		{631111F0-539B-4BDE-86EB-EEBDD9826057}.Debug|Any CPU.Build.0 = Debug|Any CPU
		{631111F0-539B-4BDE-86EB-EEBDD9826057}.Debug|ARM.ActiveCfg = Debug|x86
		{631111F0-539B-4BDE-86EB-EEBDD9826057}.Debug|iPhone.ActiveCfg = Debug|Any CPU
		{631111F0-539B-4BDE-86EB-EEBDD9826057}.Debug|iPhone.Build.0 = Debug|Any CPU
		{631111F0-539B-4BDE-86EB-EEBDD9826057}.Debug|iPhoneSimulator.ActiveCfg = Debug|x86
		{631111F0-539B-4BDE-86EB-EEBDD9826057}.Debug|x64.ActiveCfg = Debug|x86
		{631111F0-539B-4BDE-86EB-EEBDD9826057}.Debug|x86.ActiveCfg = Debug|x86
		{631111F0-539B-4BDE-86EB-EEBDD9826057}.Debug|x86.Build.0 = Debug|x86
		{631111F0-539B-4BDE-86EB-EEBDD9826057}.Release|Any CPU.ActiveCfg = Release|x86
		{631111F0-539B-4BDE-86EB-EEBDD9826057}.Release|ARM.ActiveCfg = Release|x86
		{631111F0-539B-4BDE-86EB-EEBDD9826057}.Release|iPhone.ActiveCfg = Release|x86
		{631111F0-539B-4BDE-86EB-EEBDD9826057}.Release|iPhoneSimulator.ActiveCfg = Release|x86
		{631111F0-539B-4BDE-86EB-EEBDD9826057}.Release|x64.ActiveCfg = Release|x86
		{631111F0-539B-4BDE-86EB-EEBDD9826057}.Release|x86.ActiveCfg = Release|x86
		{631111F0-539B-4BDE-86EB-EEBDD9826057}.Release|x86.Build.0 = Release|x86
		{99920E40-440F-4FEE-A972-BB53D56577DC}.Ad-Hoc|Any CPU.ActiveCfg = Ad-Hoc|iPhone
		{99920E40-440F-4FEE-A972-BB53D56577DC}.Ad-Hoc|ARM.ActiveCfg = Ad-Hoc|iPhone
		{99920E40-440F-4FEE-A972-BB53D56577DC}.Ad-Hoc|iPhone.ActiveCfg = Ad-Hoc|iPhone
		{99920E40-440F-4FEE-A972-BB53D56577DC}.Ad-Hoc|iPhone.Build.0 = Ad-Hoc|iPhone
		{99920E40-440F-4FEE-A972-BB53D56577DC}.Ad-Hoc|iPhoneSimulator.ActiveCfg = Ad-Hoc|iPhoneSimulator
		{99920E40-440F-4FEE-A972-BB53D56577DC}.Ad-Hoc|iPhoneSimulator.Build.0 = Ad-Hoc|iPhoneSimulator
		{99920E40-440F-4FEE-A972-BB53D56577DC}.Ad-Hoc|x64.ActiveCfg = Ad-Hoc|iPhone
		{99920E40-440F-4FEE-A972-BB53D56577DC}.Ad-Hoc|x86.ActiveCfg = Ad-Hoc|iPhone
		{99920E40-440F-4FEE-A972-BB53D56577DC}.AppStore|Any CPU.ActiveCfg = AppStore|iPhone
		{99920E40-440F-4FEE-A972-BB53D56577DC}.AppStore|ARM.ActiveCfg = AppStore|iPhone
		{99920E40-440F-4FEE-A972-BB53D56577DC}.AppStore|iPhone.ActiveCfg = AppStore|iPhone
		{99920E40-440F-4FEE-A972-BB53D56577DC}.AppStore|iPhone.Build.0 = AppStore|iPhone
		{99920E40-440F-4FEE-A972-BB53D56577DC}.AppStore|iPhoneSimulator.ActiveCfg = AppStore|iPhoneSimulator
		{99920E40-440F-4FEE-A972-BB53D56577DC}.AppStore|iPhoneSimulator.Build.0 = AppStore|iPhoneSimulator
		{99920E40-440F-4FEE-A972-BB53D56577DC}.AppStore|x64.ActiveCfg = AppStore|iPhone
		{99920E40-440F-4FEE-A972-BB53D56577DC}.AppStore|x86.ActiveCfg = AppStore|iPhone
		{99920E40-440F-4FEE-A972-BB53D56577DC}.Debug|Any CPU.ActiveCfg = Debug|iPhoneSimulator
		{99920E40-440F-4FEE-A972-BB53D56577DC}.Debug|Any CPU.Build.0 = Debug|iPhoneSimulator
		{99920E40-440F-4FEE-A972-BB53D56577DC}.Debug|ARM.ActiveCfg = Debug|iPhone
		{99920E40-440F-4FEE-A972-BB53D56577DC}.Debug|iPhone.ActiveCfg = Debug|iPhoneSimulator
		{99920E40-440F-4FEE-A972-BB53D56577DC}.Debug|iPhone.Build.0 = Debug|iPhoneSimulator
		{99920E40-440F-4FEE-A972-BB53D56577DC}.Debug|iPhoneSimulator.ActiveCfg = Debug|iPhoneSimulator
		{99920E40-440F-4FEE-A972-BB53D56577DC}.Debug|iPhoneSimulator.Build.0 = Debug|iPhoneSimulator
		{99920E40-440F-4FEE-A972-BB53D56577DC}.Debug|x64.ActiveCfg = Debug|iPhone
		{99920E40-440F-4FEE-A972-BB53D56577DC}.Debug|x86.ActiveCfg = Debug|iPhone
		{99920E40-440F-4FEE-A972-BB53D56577DC}.Release|Any CPU.ActiveCfg = Release|iPhone
		{99920E40-440F-4FEE-A972-BB53D56577DC}.Release|ARM.ActiveCfg = Release|iPhone
		{99920E40-440F-4FEE-A972-BB53D56577DC}.Release|iPhone.ActiveCfg = Release|iPhone
		{99920E40-440F-4FEE-A972-BB53D56577DC}.Release|iPhone.Build.0 = Release|iPhone
		{99920E40-440F-4FEE-A972-BB53D56577DC}.Release|iPhoneSimulator.ActiveCfg = Release|iPhoneSimulator
		{99920E40-440F-4FEE-A972-BB53D56577DC}.Release|iPhoneSimulator.Build.0 = Release|iPhoneSimulator
		{99920E40-440F-4FEE-A972-BB53D56577DC}.Release|x64.ActiveCfg = Release|iPhone
		{99920E40-440F-4FEE-A972-BB53D56577DC}.Release|x86.ActiveCfg = Release|iPhone
		{987F669F-441C-4FF6-B6A6-1883E20690D6}.Ad-Hoc|Any CPU.ActiveCfg = Release|Any CPU
		{987F669F-441C-4FF6-B6A6-1883E20690D6}.Ad-Hoc|Any CPU.Build.0 = Release|Any CPU
		{987F669F-441C-4FF6-B6A6-1883E20690D6}.Ad-Hoc|Any CPU.Deploy.0 = Release|Any CPU
		{987F669F-441C-4FF6-B6A6-1883E20690D6}.Ad-Hoc|ARM.ActiveCfg = Release|Any CPU
		{987F669F-441C-4FF6-B6A6-1883E20690D6}.Ad-Hoc|ARM.Build.0 = Release|Any CPU
		{987F669F-441C-4FF6-B6A6-1883E20690D6}.Ad-Hoc|ARM.Deploy.0 = Release|Any CPU
		{987F669F-441C-4FF6-B6A6-1883E20690D6}.Ad-Hoc|iPhone.ActiveCfg = Release|Any CPU
		{987F669F-441C-4FF6-B6A6-1883E20690D6}.Ad-Hoc|iPhone.Build.0 = Release|Any CPU
		{987F669F-441C-4FF6-B6A6-1883E20690D6}.Ad-Hoc|iPhone.Deploy.0 = Release|Any CPU
		{987F669F-441C-4FF6-B6A6-1883E20690D6}.Ad-Hoc|iPhoneSimulator.ActiveCfg = Release|Any CPU
		{987F669F-441C-4FF6-B6A6-1883E20690D6}.Ad-Hoc|iPhoneSimulator.Build.0 = Release|Any CPU
		{987F669F-441C-4FF6-B6A6-1883E20690D6}.Ad-Hoc|iPhoneSimulator.Deploy.0 = Release|Any CPU
		{987F669F-441C-4FF6-B6A6-1883E20690D6}.Ad-Hoc|x64.ActiveCfg = Release|Any CPU
		{987F669F-441C-4FF6-B6A6-1883E20690D6}.Ad-Hoc|x64.Build.0 = Release|Any CPU
		{987F669F-441C-4FF6-B6A6-1883E20690D6}.Ad-Hoc|x64.Deploy.0 = Release|Any CPU
		{987F669F-441C-4FF6-B6A6-1883E20690D6}.Ad-Hoc|x86.ActiveCfg = Release|Any CPU
		{987F669F-441C-4FF6-B6A6-1883E20690D6}.Ad-Hoc|x86.Build.0 = Release|Any CPU
		{987F669F-441C-4FF6-B6A6-1883E20690D6}.Ad-Hoc|x86.Deploy.0 = Release|Any CPU
		{987F669F-441C-4FF6-B6A6-1883E20690D6}.AppStore|Any CPU.ActiveCfg = Release|Any CPU
		{987F669F-441C-4FF6-B6A6-1883E20690D6}.AppStore|Any CPU.Build.0 = Release|Any CPU
		{987F669F-441C-4FF6-B6A6-1883E20690D6}.AppStore|Any CPU.Deploy.0 = Release|Any CPU
		{987F669F-441C-4FF6-B6A6-1883E20690D6}.AppStore|ARM.ActiveCfg = Release|Any CPU
		{987F669F-441C-4FF6-B6A6-1883E20690D6}.AppStore|ARM.Build.0 = Release|Any CPU
		{987F669F-441C-4FF6-B6A6-1883E20690D6}.AppStore|ARM.Deploy.0 = Release|Any CPU
		{987F669F-441C-4FF6-B6A6-1883E20690D6}.AppStore|iPhone.ActiveCfg = Release|Any CPU
		{987F669F-441C-4FF6-B6A6-1883E20690D6}.AppStore|iPhone.Build.0 = Release|Any CPU
		{987F669F-441C-4FF6-B6A6-1883E20690D6}.AppStore|iPhone.Deploy.0 = Release|Any CPU
		{987F669F-441C-4FF6-B6A6-1883E20690D6}.AppStore|iPhoneSimulator.ActiveCfg = Release|Any CPU
		{987F669F-441C-4FF6-B6A6-1883E20690D6}.AppStore|iPhoneSimulator.Build.0 = Release|Any CPU
		{987F669F-441C-4FF6-B6A6-1883E20690D6}.AppStore|iPhoneSimulator.Deploy.0 = Release|Any CPU
		{987F669F-441C-4FF6-B6A6-1883E20690D6}.AppStore|x64.ActiveCfg = Release|Any CPU
		{987F669F-441C-4FF6-B6A6-1883E20690D6}.AppStore|x64.Build.0 = Release|Any CPU
		{987F669F-441C-4FF6-B6A6-1883E20690D6}.AppStore|x64.Deploy.0 = Release|Any CPU
		{987F669F-441C-4FF6-B6A6-1883E20690D6}.AppStore|x86.ActiveCfg = Release|Any CPU
		{987F669F-441C-4FF6-B6A6-1883E20690D6}.AppStore|x86.Build.0 = Release|Any CPU
		{987F669F-441C-4FF6-B6A6-1883E20690D6}.AppStore|x86.Deploy.0 = Release|Any CPU
		{987F669F-441C-4FF6-B6A6-1883E20690D6}.Debug|Any CPU.ActiveCfg = Debug|Any CPU
		{987F669F-441C-4FF6-B6A6-1883E20690D6}.Debug|Any CPU.Build.0 = Debug|Any CPU
		{987F669F-441C-4FF6-B6A6-1883E20690D6}.Debug|Any CPU.Deploy.0 = Debug|Any CPU
		{987F669F-441C-4FF6-B6A6-1883E20690D6}.Debug|ARM.ActiveCfg = Debug|Any CPU
		{987F669F-441C-4FF6-B6A6-1883E20690D6}.Debug|ARM.Build.0 = Debug|Any CPU
		{987F669F-441C-4FF6-B6A6-1883E20690D6}.Debug|ARM.Deploy.0 = Debug|Any CPU
		{987F669F-441C-4FF6-B6A6-1883E20690D6}.Debug|iPhone.ActiveCfg = Debug|Any CPU
		{987F669F-441C-4FF6-B6A6-1883E20690D6}.Debug|iPhone.Build.0 = Debug|Any CPU
		{987F669F-441C-4FF6-B6A6-1883E20690D6}.Debug|iPhone.Deploy.0 = Debug|Any CPU
		{987F669F-441C-4FF6-B6A6-1883E20690D6}.Debug|iPhoneSimulator.ActiveCfg = Debug|Any CPU
		{987F669F-441C-4FF6-B6A6-1883E20690D6}.Debug|iPhoneSimulator.Build.0 = Debug|Any CPU
		{987F669F-441C-4FF6-B6A6-1883E20690D6}.Debug|iPhoneSimulator.Deploy.0 = Debug|Any CPU
		{987F669F-441C-4FF6-B6A6-1883E20690D6}.Debug|x64.ActiveCfg = Debug|Any CPU
		{987F669F-441C-4FF6-B6A6-1883E20690D6}.Debug|x64.Build.0 = Debug|Any CPU
		{987F669F-441C-4FF6-B6A6-1883E20690D6}.Debug|x64.Deploy.0 = Debug|Any CPU
		{987F669F-441C-4FF6-B6A6-1883E20690D6}.Debug|x86.ActiveCfg = Debug|Any CPU
		{987F669F-441C-4FF6-B6A6-1883E20690D6}.Debug|x86.Build.0 = Debug|Any CPU
		{987F669F-441C-4FF6-B6A6-1883E20690D6}.Debug|x86.Deploy.0 = Debug|Any CPU
		{987F669F-441C-4FF6-B6A6-1883E20690D6}.Release|Any CPU.ActiveCfg = Release|Any CPU
		{987F669F-441C-4FF6-B6A6-1883E20690D6}.Release|Any CPU.Build.0 = Release|Any CPU
		{987F669F-441C-4FF6-B6A6-1883E20690D6}.Release|Any CPU.Deploy.0 = Release|Any CPU
		{987F669F-441C-4FF6-B6A6-1883E20690D6}.Release|ARM.ActiveCfg = Release|Any CPU
		{987F669F-441C-4FF6-B6A6-1883E20690D6}.Release|ARM.Build.0 = Release|Any CPU
		{987F669F-441C-4FF6-B6A6-1883E20690D6}.Release|ARM.Deploy.0 = Release|Any CPU
		{987F669F-441C-4FF6-B6A6-1883E20690D6}.Release|iPhone.ActiveCfg = Release|Any CPU
		{987F669F-441C-4FF6-B6A6-1883E20690D6}.Release|iPhone.Build.0 = Release|Any CPU
		{987F669F-441C-4FF6-B6A6-1883E20690D6}.Release|iPhone.Deploy.0 = Release|Any CPU
		{987F669F-441C-4FF6-B6A6-1883E20690D6}.Release|iPhoneSimulator.ActiveCfg = Release|Any CPU
		{987F669F-441C-4FF6-B6A6-1883E20690D6}.Release|iPhoneSimulator.Build.0 = Release|Any CPU
		{987F669F-441C-4FF6-B6A6-1883E20690D6}.Release|iPhoneSimulator.Deploy.0 = Release|Any CPU
		{987F669F-441C-4FF6-B6A6-1883E20690D6}.Release|x64.ActiveCfg = Release|Any CPU
		{987F669F-441C-4FF6-B6A6-1883E20690D6}.Release|x64.Build.0 = Release|Any CPU
		{987F669F-441C-4FF6-B6A6-1883E20690D6}.Release|x64.Deploy.0 = Release|Any CPU
		{987F669F-441C-4FF6-B6A6-1883E20690D6}.Release|x86.ActiveCfg = Release|Any CPU
		{987F669F-441C-4FF6-B6A6-1883E20690D6}.Release|x86.Build.0 = Release|Any CPU
		{987F669F-441C-4FF6-B6A6-1883E20690D6}.Release|x86.Deploy.0 = Release|Any CPU
	EndGlobalSection
	GlobalSection(SolutionProperties) = preSolution
		HideSolutionNode = FALSE
	EndGlobalSection
	GlobalSection(ExtensibilityGlobals) = postSolution
		SolutionGuid = {53F918A1-9F4B-4152-A7C7-25E687361307}
	EndGlobalSection
	GlobalSection(MonoDevelopProperties) = preSolution
		StartupItem = CameraAndResolutionBuddiesSample.Windows.csproj
	EndGlobalSection
EndGlobal
